entity: block
items:
  block12222:
    block_number: 12222
    block_hash: '0x31b35ea2ef1ba856a80009a0fedacf07fcfadda5471b30d65d505d05e0333a29'
    parent_hash: '0x62e16486d85b7ad15e1170f43385b1f73a6bbae68913ea74cbe8af5d2baf2d5d'
    extrinsics_root: '0xcd0374e0bb41df6197b654c4400f76a1ef0c0015fcd1f8d2b85a667d6fddd148'
    state_root: '0xa13654c58f26cdf6b2d05695fc50720c4ce7859416e56506b358613cb7284884'
    session_length: 0
    spec_name: quartz
    spec_version: 1
    total_events: 2
    num_transfers: 0
    new_accounts: 0
    total_issuance: '1000000000000000000000000'
    timestamp: 1638215562
    need_rescan: true
    total_extrinsics: 2
  block12224:
    block_number: 12224
    block_hash: '0x019cdf7574836e20b8104a49e3bd4945532fec3d7e4360b928d72d296dd9cc0c'
    parent_hash: '0xc0c9c0aa5653117ccf8dc6c6e09199a0ee5b1f53f64760d4f578616c1ecb30ae'
    extrinsics_root: '0x35926abf8488dfbcf8352dd6e7a4e7a1f829b13726c9cd617f79cf8309f991e3'
    state_root: '0x58f2dd38619b8567fb7b95795764b4c11d79f35d295a7c1b65ec05e777d47694'
    session_length: 0
    spec_name: quartz
    spec_version: 1
    total_events: 2
    num_transfers: 0
    new_accounts: 0
    total_issuance: '1000000000000000000000000'
    timestamp: 1638215586
    need_rescan: true
    total_extrinsics: 2
  block12226:
    block_number: 12226
    block_hash: '0xb3f45a283a05f2f185460a3a43c352789a34a900a82ead629eb2db24bce3bb8d'
    parent_hash: '0xe72b0d06f02b8fdeade988083e529b9f64e95f5f872cbb6189cf0d1ba942a4a4'
    extrinsics_root: '0x89682c7a7569389050867708bd3e456a5e80ebccd7e13545eb1c2ddc9097625d'
    state_root: '0xac90f915b82aa3a612db21a69e10b5983e994ee867f8ec8aa7bf35f85e7c2bfc'
    session_length: 0
    spec_name: quartz
    spec_version: 1
    total_events: 2
    num_transfers: 0
    new_accounts: 0
    total_issuance: '1000000000000000000000000'
    timestamp: 1638215610
    need_rescan: true
    total_extrinsics: 2
  block12228:
    block_number: 12228
    block_hash: '0xa25a2fc0727e591e19a6ba7ed6c3bdfb5811e4d4a67a59e6c8e6beb7e118eb13'
    parent_hash: '0xf77f4e265dac39ed4edca8efe2d6f83f24f30a67a7448a747faa1da015c5c727'
    extrinsics_root: '0x22d1e0a245bc38e2066353a9c075875d920e9e436221bab8eca19ad66dec7789'
    state_root: '0x8e89f73ae8944cb279053e7a1aebb37c04dc63160d39f6a927458e708c300dc6'
    session_length: 0
    spec_name: quartz
    spec_version: 1
    total_events: 2
    num_transfers: 0
    new_accounts: 0
    total_issuance: '1000000000000000000000000'
    timestamp: 1638215634
    need_rescan: true
    total_extrinsics: 2
  block12230:
    block_number: 12230
    block_hash: '0xbe3f99dadf968db4d7294884e2a3577b6df2e2d6040f9e4bdcd0df236e43c7c9'
    parent_hash: '0x82f60cd8e9ca9ac23bce1eab3759ccec815e731c0c1a3cc5a7914fed3cee6df5'
    extrinsics_root: '0x7f570bad69079c9cea2902de4142c22b91208b839e0c1469e38ecfde78ee315d'
    state_root: '0x118cb0a3128639e21326810f72a70e29cd68ed5e56c9c892c7c59de16938e48b'
    session_length: 0
    spec_name: quartz
    spec_version: 1
    total_events: 2
    num_transfers: 0
    new_accounts: 0
    total_issuance: '1000000000000000000000000'
    timestamp: 1638215658
    need_rescan: true
    total_extrinsics: 2
  block12231:
    block_number: 12231
    block_hash: '0x37432c4a0a5c10e5916f39a17e790c2e8f4db18c7a9ff9018771cd9bb90b241c'
    parent_hash: '0xbe3f99dadf968db4d7294884e2a3577b6df2e2d6040f9e4bdcd0df236e43c7c9'
    extrinsics_root: '0x53fb8f46e85bf860316f18e82f6136eb260f8fd78cb7e92bacecaacd8fc5bf24'
    state_root: '0xe19d69be30cda8e8a22a49471fcba033068c40fffdf4461ce2b64e8839e95094'
    session_length: 0
    spec_name: quartz
    spec_version: 1
    total_events: 2
    num_transfers: 0
    new_accounts: 0
    total_issuance: '1000000000000000000000000'
    timestamp: 1638215670
    need_rescan: true
    total_extrinsics: 2
  block12233:
    block_number: 12233
    block_hash: '0x40ed152402140bc75ce8929e7b51a54bf570c634284d9c997b7f685b4b357c14'
    parent_hash: '0xc4795eb68ed5659012f2b3d18136ecdb0bc449d6a32eeb63333d69fb8c317b5e'
    extrinsics_root: '0x7c471abfd1523b3ae4b4e45dbf3cd929ca9a31420cc89cafefcc778e8e5ba7f5'
    state_root: '0xb1c90d844931a5d468e9d13ab00fbcd73fcade1ab4673fa4c1b67192fce971be'
    session_length: 0
    spec_name: quartz
    spec_version: 1
    total_events: 2
    num_transfers: 0
    new_accounts: 0
    total_issuance: '1000000000000000000000000'
    timestamp: 1638215700
    need_rescan: true
    total_extrinsics: 2
  block12235:
    block_number: 12235
    block_hash: '0x04fd53fe0edf666395c0eaaf61065ebfdff8a765ab11beaae0d31af06b37dc0a'
    parent_hash: '0x37d2f8cbac0740bb9e027248b1f435194a442ba7dcc0ffe4bb012449b76b7c5c'
    extrinsics_root: '0x0eb802f555ad15fa908b76140dfc71c579d79cf0ee8610e531c99c2cfd7f444f'
    state_root: '0xa8e50dfe54c8430834fd2d8bea7267cecee429435aa8218b160828df16e881b0'
    session_length: 0
    spec_name: quartz
    spec_version: 1
    total_events: 2
    num_transfers: 0
    new_accounts: 0
    total_issuance: '1000000000000000000000000'
    timestamp: 1638215724
    need_rescan: true
    total_extrinsics: 2
  block12237:
    block_number: 12237
    block_hash: '0x8799bc7b09b959ba8151f179d21b2c91f49b54fe6bbd3640ab8f3fe0ecc16e62'
    parent_hash: '0x08e6df24ea4f6c65f0d8979ca61041d3b714d90a5a09b94eefadeb536eca6431'
    extrinsics_root: '0x367da8cc1f26a498358f8aefc5d187a499c2944592f69df98b10900c98e44b2e'
    state_root: '0xa33650158b88f1337a1b62f361cf628c0e7f4303da570c46e22f7362aea66af5'
    session_length: 0
    spec_name: quartz
    spec_version: 1
    total_events: 2
    num_transfers: 0
    new_accounts: 0
    total_issuance: '1000000000000000000000000'
    timestamp: 1638215754
    need_rescan: true
    total_extrinsics: 2
  block12239:
    block_number: 12239
    block_hash: '0x8670b9b0e36293db5e6d8cb315ad8189236ba3ea6ddd6288002afb9039b2c490'
    parent_hash: '0x256b98186c82421397f70652d650e8de4a1459459228310796c8ea748c82496a'
    extrinsics_root: '0xcfc98d552cb597f830d4a7bfa2f350f3e604d5ea05d011210796fc0d913500e6'
    state_root: '0x12e5afcc7bdb67772a9e971642d14515f2375c1d4dca20acd7a350a4ba26db7c'
    session_length: 0
    spec_name: quartz
    spec_version: 1
    total_events: 2
    num_transfers: 0
    new_accounts: 0
    total_issuance: '1000000000000000000000000'
    timestamp: 1638215778
    need_rescan: true
    total_extrinsics: 2
  block12241:
    block_number: 12241
    block_hash: '0x1888d06c85a929783e219b10980a6cdd16688c3af9db51f8bd88b5bab0aaaf25'
    parent_hash: '0x6e600811657dcfb0b5a03c37532434d41a90916ed2154e90e1d54d12988a38dc'
    extrinsics_root: '0xdc204555137eed83369ecb5652c12d0e6d84730cdc5bbb8ecb6d5ca85d72c41d'
    state_root: '0x39d94e62429b14429b15e0699a71f777d0b0740b801d06e2bf2b8e328a9eb115'
    session_length: 0
    spec_name: quartz
    spec_version: 1
    total_events: 2
    num_transfers: 0
    new_accounts: 0
    total_issuance: '1000000000000000000000000'
    timestamp: 1638215802
    need_rescan: true
    total_extrinsics: 2
  block12243:
    block_number: 12243
    block_hash: '0x6c1b250b0be18d63b25405f742771f808b5991a645e43f1e3a61adcb5e9c19dc'
    parent_hash: '0x4637eede6329c4284c02070e07bf1e5291ae9326e460926bf5f53e802c715224'
    extrinsics_root: '0x3fc5d01a1eea82a287227192685b8842f1bea01d020e3071443bbced7e971938'
    state_root: '0x5575bbedce089562b4c69fcdb7b9e495a3bdfabdc2838f8e75a5226aba4ec783'
    session_length: 0
    spec_name: quartz
    spec_version: 1
    total_events: 2
    num_transfers: 0
    new_accounts: 0
    total_issuance: '1000000000000000000000000'
    timestamp: 1638215826
    need_rescan: true
    total_extrinsics: 2
  block12245:
    block_number: 12245
    block_hash: '0xa61801f84db57418c72a97cb3c686202bcdec7c0d6b460c794acd429b0d980ce'
    parent_hash: '0x1601ba89114e8f906b6cc5271480c6506fdc3b8ecef742026fc5d2a829af9169'
    extrinsics_root: '0xa8636d64b46f18a680e0f0166c2a4c52e9fe2fa5c0e58a862b03eedc6e3e4cd2'
    state_root: '0x39ec056603cc4141b575ba6fb6818f50e91d5013aaba35475c8dab4145764226'
    session_length: 0
    spec_name: quartz
    spec_version: 1
    total_events: 2
    num_transfers: 0
    new_accounts: 0
    total_issuance: '1000000000000000000000000'
    timestamp: 1638215850
    need_rescan: true
    total_extrinsics: 2
  block214568:
    block_number: 214568
    block_hash: '0xd57f0ce2e6cd50867713ba73c0806d0a704d14682a92f2e49eb900d7b9f0dc61'
    parent_hash: '0xd6849bb2b9d0b3434c983f0ce7dc8e0cac066fea67572b0a932436ef846bbc35'
    extrinsics_root: '0x5ee4c80c7076aebeb727b3260bff5356493a998e43b9f12d9413d980999f508d'
    state_root: '0xffae8288dbffb1e66eb815b6efcbce1a1cff3f7419c5459b7b7be8d0395d0d47'
    session_length: 0
    spec_name: quartz
    spec_version: 914000
    total_events: 2
    num_transfers: 0
    new_accounts: 0
    total_issuance: '1005482112360290544921600000'
    timestamp: 1640875380
    need_rescan: true
    total_extrinsics: 2
  block12248:
    block_number: 12248
    block_hash: '0xe00db4738cf23f9b884ed7bcc4f2839285e4ffff893b52cbdb9839c9e2a734cd'
    parent_hash: '0xff64613eb8db741ddf298d5ac467066478b278ba40c14fbb916fd6da37387100'
    extrinsics_root: '0xca0d17ce0bcbf8b1e6c6ce1e06a838935b3982a426d615f38fc023af2f4db866'
    state_root: '0x03e42630311bfdd2ae21945787f105c2cff91e2ca00b9c586a35db88332156db'
    session_length: 0
    spec_name: quartz
    spec_version: 1
    total_events: 2
    num_transfers: 0
    new_accounts: 0
    total_issuance: '1000000000000000000000000'
    timestamp: 1638215886
    need_rescan: true
    total_extrinsics: 2
  block12236:
    block_number: 12236
    block_hash: '0x08e6df24ea4f6c65f0d8979ca61041d3b714d90a5a09b94eefadeb536eca6431'
    parent_hash: '0x04fd53fe0edf666395c0eaaf61065ebfdff8a765ab11beaae0d31af06b37dc0a'
    extrinsics_root: '0x984632d404e6c5f80674de2b023c106d17bae1e338e4d348bca4d4c84ac42a3f'
    state_root: '0x63985b13f510a25ed60c0fb9fd5512fb525d9c82bf46c022cb13010bf62f5c37'
    session_length: 0
    spec_name: quartz
    spec_version: 1
    total_events: 2
    num_transfers: 0
    new_accounts: 0
    total_issuance: '1000000000000000000000000'
    timestamp: 1638215742
    need_rescan: true
    total_extrinsics: 2
  block12238:
    block_number: 12238
    block_hash: '0x256b98186c82421397f70652d650e8de4a1459459228310796c8ea748c82496a'
    parent_hash: '0x8799bc7b09b959ba8151f179d21b2c91f49b54fe6bbd3640ab8f3fe0ecc16e62'
    extrinsics_root: '0x9cb7d329d257767e2fb667c658a5831f7b1bd953eecf7c612a03a037a3be16da'
    state_root: '0xb45c5a3f8084c44a11a7e0e75fe556fdec1b2baf12d8ff3eaddf887835b42326'
    session_length: 0
    spec_name: quartz
    spec_version: 1
    total_events: 2
    num_transfers: 0
    new_accounts: 0
    total_issuance: '1000000000000000000000000'
    timestamp: 1638215766
    need_rescan: true
    total_extrinsics: 2
  block12240:
    block_number: 12240
    block_hash: '0x6e600811657dcfb0b5a03c37532434d41a90916ed2154e90e1d54d12988a38dc'
    parent_hash: '0x8670b9b0e36293db5e6d8cb315ad8189236ba3ea6ddd6288002afb9039b2c490'
    extrinsics_root: '0x6cf049296bb81a5cc115ecd7a43e4245769d80f368cccb04cf2928e2b0206210'
    state_root: '0x7cd26c02a1be957c260a37f9373bca3ec3adc0ab70fdfccaf663ea67817b9b73'
    session_length: 0
    spec_name: quartz
    spec_version: 1
    total_events: 2
    num_transfers: 0
    new_accounts: 0
    total_issuance: '1000000000000000000000000'
    timestamp: 1638215790
    need_rescan: true
    total_extrinsics: 2
  block12242:
    block_number: 12242
    block_hash: '0x4637eede6329c4284c02070e07bf1e5291ae9326e460926bf5f53e802c715224'
    parent_hash: '0x1888d06c85a929783e219b10980a6cdd16688c3af9db51f8bd88b5bab0aaaf25'
    extrinsics_root: '0x8314768c0e88023b02c1ccedcc0097d43171f54c970d046ed81111c312c0748e'
    state_root: '0xf272e2cb364d087f6e5c52d91fcc0ee8f1df2e374f8b6c2fdef58447c59b5917'
    session_length: 0
    spec_name: quartz
    spec_version: 1
    total_events: 2
    num_transfers: 0
    new_accounts: 0
    total_issuance: '1000000000000000000000000'
    timestamp: 1638215814
    need_rescan: true
    total_extrinsics: 2
  block12244:
    block_number: 12244
    block_hash: '0x1601ba89114e8f906b6cc5271480c6506fdc3b8ecef742026fc5d2a829af9169'
    parent_hash: '0x6c1b250b0be18d63b25405f742771f808b5991a645e43f1e3a61adcb5e9c19dc'
    extrinsics_root: '0x587d93d07f15ae733da2127524d31b4a9fa4c8c246f93de2e57395b458897cff'
    state_root: '0xd206100628836b2cdda4892d49371ff8f55bfb35581ad1337755f6b01b6a392a'
    session_length: 0
    spec_name: quartz
    spec_version: 1
    total_events: 2
    num_transfers: 0
    new_accounts: 0
    total_issuance: '1000000000000000000000000'
    timestamp: 1638215838
    need_rescan: true
    total_extrinsics: 2
  block12246:
    block_number: 12246
    block_hash: '0x6a8f3d45723987e744e70b7d0124b8c0bb0eaf2e0d2ecbcb23112c98a6adcec7'
    parent_hash: '0xa61801f84db57418c72a97cb3c686202bcdec7c0d6b460c794acd429b0d980ce'
    extrinsics_root: '0x845e00208ecb3c9f9dd96c207c217da23f4809b7e05ffa33a9d1a117709e96f2'
    state_root: '0x6fbdb1dee2783a7b47fff588b3a6ede06a1b77e81bb1a822d358f7db789858bc'
    session_length: 0
    spec_name: quartz
    spec_version: 1
    total_events: 2
    num_transfers: 0
    new_accounts: 0
    total_issuance: '1000000000000000000000000'
    timestamp: 1638215862
    need_rescan: true
    total_extrinsics: 2
  block12247:
    block_number: 12247
    block_hash: '0xff64613eb8db741ddf298d5ac467066478b278ba40c14fbb916fd6da37387100'
    parent_hash: '0x6a8f3d45723987e744e70b7d0124b8c0bb0eaf2e0d2ecbcb23112c98a6adcec7'
    extrinsics_root: '0x032ef50d1e8d42af7f8136af716ecb5448deef96e370a8ecf2d40f6726669810'
    state_root: '0x82258ee5fef3cd8eaca2b65ea2c1de554ea1d0350c6894641b96c56c2ad94cb1'
    session_length: 0
    spec_name: quartz
    spec_version: 1
    total_events: 2
    num_transfers: 0
    new_accounts: 0
    total_issuance: '1000000000000000000000000'
    timestamp: 1638215874
    need_rescan: true
    total_extrinsics: 2
  block12249:
    block_number: 12249
    block_hash: '0xa294c9b1676edf92bfcecd04958fd055b3aa0d32ff52133fb0b5e39676d94091'
    parent_hash: '0xe00db4738cf23f9b884ed7bcc4f2839285e4ffff893b52cbdb9839c9e2a734cd'
    extrinsics_root: '0xa3daf1ef4606a18cbd7f1c6f674d03aa12137bfb68db80102f689db3f9bbc5d8'
    state_root: '0xb0c1c800904fdd43443ea2bf5e5668815befd0fa2298c476c5a43934ac510efb'
    session_length: 0
    spec_name: quartz
    spec_version: 1
    total_events: 2
    num_transfers: 0
    new_accounts: 0
    total_issuance: '1000000000000000000000000'
    timestamp: 1638215898
    need_rescan: true
    total_extrinsics: 2
  block12251:
    block_number: 12251
    block_hash: '0x873aba13517fe225a08ab77ab5db4620805c4ae3ac702eb5d1a37e1f1eca2d99'
    parent_hash: '0xbef9559ee48a5aea2e5730dadc26d0b91e123460a085220dd69808fc7f56a323'
    extrinsics_root: '0x65a6c76bbc9edbd14dafe61a27bc72fa5b220bf15f8a0260a9591aaacb7d424b'
    state_root: '0x1f8844a347712cd78204fbf778a6030e1d9474dc3f5297ed48f4e6e35757f720'
    session_length: 0
    spec_name: quartz
    spec_version: 1
    total_events: 2
    num_transfers: 0
    new_accounts: 0
    total_issuance: '1000000000000000000000000'
    timestamp: 1638215922
    need_rescan: true
    total_extrinsics: 2
  block12253:
    block_number: 12253
    block_hash: '0x02dd4da448d1291391f7e52b25d45dd8abfc494333c8537587a878b68930fcc5'
    parent_hash: '0x40f7cd66c61f95557de28ab965f611b55849e7edccea545ecd44c66392685bae'
    extrinsics_root: '0xa04c77cc062a6c3eeb138fd662dfe6f4e2b64fafe9099bb239720a52162f5fb2'
    state_root: '0xc3f5f19d06e4ca10d788688bc7a23aab216ae22e8b5fb72ab6f84ad405d10a3a'
    session_length: 0
    spec_name: quartz
    spec_version: 1
    total_events: 2
    num_transfers: 0
    new_accounts: 0
    total_issuance: '1000000000000000000000000'
    timestamp: 1638215958
    need_rescan: true
    total_extrinsics: 2
  block12255:
    block_number: 12255
    block_hash: '0xe23485b2bb08af218339d80949f256457e17f9a1c8e9e34204e88e7cadf76ed4'
    parent_hash: '0x31744c0eda0f8414ba5ea76936d5ab745f370671cc008a7d99c228d90a7ea9df'
    extrinsics_root: '0x5192d627478c40e6ab63f071a282ccf8459a93bb017fc85ceb2221b509e79492'
    state_root: '0xa54d9652736aa2db74616d73d0741ec8cb5c522908fd87da1ca7b288118dc912'
    session_length: 0
    spec_name: quartz
    spec_version: 1
    total_events: 2
    num_transfers: 0
    new_accounts: 0
    total_issuance: '1000000000000000000000000'
    timestamp: 1638215982
    need_rescan: true
    total_extrinsics: 2
  block12257:
    block_number: 12257
    block_hash: '0xfa4f25030e43d0f9416cad5f89c319b4d7642301b07894080cf3626daa125671'
    parent_hash: '0xc4c29c9c79dafde09cae1f9f2190c36ec570bf289e59db9ff8edc248f4e7622b'
    extrinsics_root: '0x8e77835ec6d1441493f3cb36a125f4df8926c5e5d8896da6aefefac694816f57'
    state_root: '0x0dc9a02e93fe20a180aeb091760c027240a6e5da58266e99112dee41f43f29ee'
    session_length: 0
    spec_name: quartz
    spec_version: 1
    total_events: 2
    num_transfers: 0
    new_accounts: 0
    total_issuance: '1000000000000000000000000'
    timestamp: 1638216006
    need_rescan: true
    total_extrinsics: 2
  block12259:
    block_number: 12259
    block_hash: '0x6853bb2ac622b5e3dce0c5617db6a8e2c20597df5e378fce2a721c07b3d188b7'
    parent_hash: '0x961bef4e28fd6ba44318c86a7dcd407717577d75f5b4500d821d279f909feba6'
    extrinsics_root: '0x7fb174adaadc4d29943216f2f0b806dd6fc0af30ba3d024a34e123ee8f343fb3'
    state_root: '0x9f6b17fdff2a686efea1020ee80f05e58c4c9376610c0786830d11acc18ef48f'
    session_length: 0
    spec_name: quartz
    spec_version: 1
    total_events: 2
    num_transfers: 0
    new_accounts: 0
    total_issuance: '1000000000000000000000000'
    timestamp: 1638216042
    need_rescan: true
    total_extrinsics: 2
  block12261:
    block_number: 12261
    block_hash: '0x3633884f9de7c52c6e28a0bea0f2bcdadae73b8c090ca7224116f10beed68274'
    parent_hash: '0x9a64047b10c53aa55fa87272422600b824a83159bdd744d8bdac656f1144c5e2'
    extrinsics_root: '0xfdcfe5b6245c60683cff7732909cfc1edafa1e2786ff22e2262504231b8eef8f'
    state_root: '0xb4a72ed87be03ee6fb657cebba1ef362e41b55b45fe915fc44806b311da867b0'
    session_length: 0
    spec_name: quartz
    spec_version: 1
    total_events: 2
    num_transfers: 0
    new_accounts: 0
    total_issuance: '1000000000000000000000000'
    timestamp: 1638216066
    need_rescan: true
    total_extrinsics: 2
  block214569:
    block_number: 214569
    block_hash: '0xa42648c201e86848341cef391032c5b8fa44acbdf035af3ae3b22b438a2b158c'
    parent_hash: '0xd57f0ce2e6cd50867713ba73c0806d0a704d14682a92f2e49eb900d7b9f0dc61'
    extrinsics_root: '0x94caf8510aea1565359444c6e9365d683e957c0fe733821856f141f9396cfc72'
    state_root: '0x98c775547c57c05a5f76881a4e2702e1de7dcfc2a1525fa12c51c6ec41b79799'
    session_length: 0
    spec_name: quartz
    spec_version: 914000
    total_events: 2
    num_transfers: 0
    new_accounts: 0
    total_issuance: '1005482112360290544921600000'
    timestamp: 1640875392
    need_rescan: true
    total_extrinsics: 2
  block12264:
    block_number: 12264
    block_hash: '0x24a5ea5ba7db52392ceffa13bf9762d7bb9011e4def45147bd5038ce621512ae'
    parent_hash: '0x6f9edb44b269a1e56d2597294ae438489c1e2c83eca0cd8bf427c81fec3ccbab'
    extrinsics_root: '0xab330f18f666bc115f2d038f7ae444f7429096e0043a307ce8bdec8a87e97205'
    state_root: '0x0d8bc3a82a2aa1bc33910e6ac18185572a648e775d8a38c8219abfaef6371312'
    session_length: 0
    spec_name: quartz
    spec_version: 1
    total_events: 2
    num_transfers: 0
    new_accounts: 0
    total_issuance: '1000000000000000000000000'
    timestamp: 1638216102
    need_rescan: true
    total_extrinsics: 2
  block12266:
    block_number: 12266
    block_hash: '0x82ae7b355c35ddaaae3e32e18d7f7c6a50ec339c10418826b755f7ba7fd36307'
    parent_hash: '0x04a71fdfe0c8b8d178a00930b9e79ad00147419f8ad8cc3b19f7b33c6ef76b26'
    extrinsics_root: '0x8b2e927c86cef68102fae88f329244de03afdf37b04c2f786c1a347cf2317a90'
    state_root: '0x9e19c08f8bb13d37acaaa399c044b8b00c9f44531b79930f5f973accc18a5d89'
    session_length: 0
    spec_name: quartz
    spec_version: 1
    total_events: 2
    num_transfers: 0
    new_accounts: 0
    total_issuance: '1000000000000000000000000'
    timestamp: 1638216126
    need_rescan: true
    total_extrinsics: 2
  block12268:
    block_number: 12268
    block_hash: '0x17abdc02385dc5dbb4dce8915b63ab2989f8f046e054ba7d0bc9867abc2d9ff8'
    parent_hash: '0x95b9b80778f904585b36b7e8b3854405daa0055c4058bb24b445d62d900e8c5a'
    extrinsics_root: '0x6b17c0a388d085e32a455b6d79a3283fbc213a46e73245e042e07c15681ebad8'
    state_root: '0xdf838de0409acdfa5d001f3def856f661d107ff87541401b4aee8777deda5b31'
    session_length: 0
    spec_name: quartz
    spec_version: 1
    total_events: 2
    num_transfers: 0
    new_accounts: 0
    total_issuance: '1000000000000000000000000'
    timestamp: 1638216150
    need_rescan: true
    total_extrinsics: 2
  block12250:
    block_number: 12250
    block_hash: '0xbef9559ee48a5aea2e5730dadc26d0b91e123460a085220dd69808fc7f56a323'
    parent_hash: '0xa294c9b1676edf92bfcecd04958fd055b3aa0d32ff52133fb0b5e39676d94091'
    extrinsics_root: '0x83f9df9b1d4bc6fe01561ce031b4805da799e778644372642ca3628bd828585b'
    state_root: '0xb69aa497cdf6a104903f2f053a14943be418925e135c36009ccba370d0df1e1c'
    session_length: 0
    spec_name: quartz
    spec_version: 1
    total_events: 2
    num_transfers: 0
    new_accounts: 0
    total_issuance: '1000000000000000000000000'
    timestamp: 1638215910
    need_rescan: true
    total_extrinsics: 2
  block12252:
    block_number: 12252
    block_hash: '0x40f7cd66c61f95557de28ab965f611b55849e7edccea545ecd44c66392685bae'
    parent_hash: '0x873aba13517fe225a08ab77ab5db4620805c4ae3ac702eb5d1a37e1f1eca2d99'
    extrinsics_root: '0xdba8fe0cd55c313f96585e7a51df5b3b55a69aa62af52d855379bffa3bdd12cc'
    state_root: '0x75322d9ca54e7bb605fd47762323f88e785eb614fa33928ce717f34d22db9c0d'
    session_length: 0
    spec_name: quartz
    spec_version: 1
    total_events: 2
    num_transfers: 0
    new_accounts: 0
    total_issuance: '1000000000000000000000000'
    timestamp: 1638215946
    need_rescan: true
    total_extrinsics: 2
  block12254:
    block_number: 12254
    block_hash: '0x31744c0eda0f8414ba5ea76936d5ab745f370671cc008a7d99c228d90a7ea9df'
    parent_hash: '0x02dd4da448d1291391f7e52b25d45dd8abfc494333c8537587a878b68930fcc5'
    extrinsics_root: '0x60c24798f33e0bd047cfca6a2d64467d97c4e87667a01e8d83f18729e93be6fb'
    state_root: '0x391c3716d665d8ff860ae2f58e8e23f39f1c5a7c19cdc081d89b01516b3ca56d'
    session_length: 0
    spec_name: quartz
    spec_version: 1
    total_events: 2
    num_transfers: 0
    new_accounts: 0
    total_issuance: '1000000000000000000000000'
    timestamp: 1638215970
    need_rescan: true
    total_extrinsics: 2
  block12256:
    block_number: 12256
    block_hash: '0xc4c29c9c79dafde09cae1f9f2190c36ec570bf289e59db9ff8edc248f4e7622b'
    parent_hash: '0xe23485b2bb08af218339d80949f256457e17f9a1c8e9e34204e88e7cadf76ed4'
    extrinsics_root: '0x57e814374766cc7a9d910d0caeb9f3615232592aebabba8a19c306bbb611fad3'
    state_root: '0x78cb93bb35f933a929ffbbbaa1105efb02a62f1789f9b726b623378f4b303c5e'
    session_length: 0
    spec_name: quartz
    spec_version: 1
    total_events: 2
    num_transfers: 0
    new_accounts: 0
    total_issuance: '1000000000000000000000000'
    timestamp: 1638215994
    need_rescan: true
    total_extrinsics: 2
  block12379:
    block_number: 12379
    block_hash: '0xa9e1a0f214de89710958f47f9819df331d2d79ef08e24c54c95f75d7b741d2e0'
    parent_hash: '0x3e49dfab46f5dc27e49e619e1ff641fe552b189f312828aee3e3e0a0ec5ee922'
    extrinsics_root: '0x41b00fdef6b7eef08af446dcdfc735abc66c0852ded57f3bf3c690b0d7821642'
    state_root: '0xea331a72a0f7c093c25164e5c5cfdca2afcc70af828ecf7cde528f532a2741ae'
    session_length: 0
    spec_name: quartz
    spec_version: 1
    total_events: 2
    num_transfers: 0
    new_accounts: 0
    total_issuance: '1000000000000000000000000'
    timestamp: 1638217626
    need_rescan: true
    total_extrinsics: 2
  block12381:
    block_number: 12381
    block_hash: '0x8c8e2b9542f621c4311d199237f99b5d9be1e5e56adcd7ffbf9639bfaa2eec80'
    parent_hash: '0xb7cae7032ddee6e0883f37bdcf2af85c144a5a9ff9b3502a2f457375af90ddba'
    extrinsics_root: '0xef080d3933ddc5911ec864986f07917c7be3139ab68347d97331d195af505b93'
    state_root: '0xae4ca4cdefc64b3e1244b094364e1ce8747c5e809f8e4fcf13632de3332c47ae'
    session_length: 0
    spec_name: quartz
    spec_version: 1
    total_events: 2
    num_transfers: 0
    new_accounts: 0
    total_issuance: '1000000000000000000000000'
    timestamp: 1638217650
    need_rescan: true
    total_extrinsics: 2
  block12383:
    block_number: 12383
    block_hash: '0x08cf5946ce6a460096a0e795bf0bdfe4e72b335d9587032297365832d7517535'
    parent_hash: '0x24181024222f7d0f525de5025705c662a09e033805522ebc24c7510f34e57fe5'
    extrinsics_root: '0xcb020a6399d5a9996296b0a7ec04daec5079a1b0de8a96e2b5c85799af054b8f'
    state_root: '0x88a28c8689619575b66739bec86c2dbdda7f5aebdf79ff076898754d11a88d83'
    session_length: 0
    spec_name: quartz
    spec_version: 1
    total_events: 2
    num_transfers: 0
    new_accounts: 0
    total_issuance: '1000000000000000000000000'
    timestamp: 1638217674
    need_rescan: true
    total_extrinsics: 2
  block12385:
    block_number: 12385
    block_hash: '0x6edd43872648fe0bb776df925574d299293ab92c7752911562178c488f9d0f77'
    parent_hash: '0x7141d1d5506bac5c1690fc047ee508d41603b20dbd5151af4535254dd363855b'
    extrinsics_root: '0x5c91990beffbefc2edb9006232705b1fbfebbce0fb5d340b709f610271fa3658'
    state_root: '0xf8190557e92fb55ef5e72864ab652a4d15354837f8d355112ed3719f0dde8e76'
    session_length: 0
    spec_name: quartz
    spec_version: 1
    total_events: 2
    num_transfers: 0
    new_accounts: 0
    total_issuance: '1000000000000000000000000'
    timestamp: 1638217722
    need_rescan: true
    total_extrinsics: 2
  block12387:
    block_number: 12387
    block_hash: '0xea575c1afe429f5381d1bef5e1dc0194cffbc6becabeab49b0323215217ae993'
    parent_hash: '0x20c98a2873a7e6aa4b8c19c7195ceb406365e0feaa8d2d1d8277bf9544bf9da8'
    extrinsics_root: '0x61c716766bdd84bf3a548b5b9019ad95a8273cd5908ba7c873ce75f265b11061'
    state_root: '0x76fc160ab924c6ea83c41f249db9de86a3faf4b096060be1ada314c331bd2b12'
    session_length: 0
    spec_name: quartz
    spec_version: 1
    total_events: 2
    num_transfers: 0
    new_accounts: 0
    total_issuance: '1000000000000000000000000'
    timestamp: 1638217746
    need_rescan: true
    total_extrinsics: 2
  block12389:
    block_number: 12389
    block_hash: '0x1eaa96dd456abeaa4a512d2e6c0483053baf167c6244415831e6911bbf258918'
    parent_hash: '0xde55e169de8114ecd28aeace626d3cd55b713d398911fd3504eb1db7837c3ab8'
    extrinsics_root: '0xfc299020bdead491bc2cc3101cd435f5c9b1835ff4e04403ac3cf769ee14b8c5'
    state_root: '0x2b5adbe869dcfcc34ffa19162feeabb2148d318738bf88ee1a09be360dae7ed2'
    session_length: 0
    spec_name: quartz
    spec_version: 1
    total_events: 2
    num_transfers: 0
    new_accounts: 0
    total_issuance: '1000000000000000000000000'
    timestamp: 1638217770
    need_rescan: true
    total_extrinsics: 2
  block12391:
    block_number: 12391
    block_hash: '0x5a9d665a21a34cca86fcb8f717c16e752a9b40940605f5e617495843fd443b8c'
    parent_hash: '0xb685ab1edcd7768f360c73b732a3a8fd55fcbcb8842e7e37951bbef04ca9fb02'
    extrinsics_root: '0x4f9bda80377b049007e54f9472cad9fc7955877d1d4bc39a14d1a4d5d45c58d9'
    state_root: '0x44974d3296c68849d2b20596a323f6e02174c2313f406cbfbafbdb3187ec0ce0'
    session_length: 0
    spec_name: quartz
    spec_version: 1
    total_events: 2
    num_transfers: 0
    new_accounts: 0
    total_issuance: '1000000000000000000000000'
    timestamp: 1638217794
    need_rescan: true
    total_extrinsics: 2
  block12393:
    block_number: 12393
    block_hash: '0x47a316a36a13a05b00aacdd74506b14f36caaed3a48a05abcac946d323bead52'
    parent_hash: '0x5a9a42bd5662ba20748bf30ede058eace207bf2953adeb9f03b9741a2cc84de8'
    extrinsics_root: '0x6283ae7a32a3ed0e2b4ac499ebea54bb8613ee3a8f26fd8d0bb31e0145efb19d'
    state_root: '0xcd474517d540a418790a949cc428cf2850cd1810551f8b9b2f32b165498e5b5f'
    session_length: 0
    spec_name: quartz
    spec_version: 1
    total_events: 2
    num_transfers: 0
    new_accounts: 0
    total_issuance: '1000000000000000000000000'
    timestamp: 1638217818
    need_rescan: true
    total_extrinsics: 2
  block12394:
    block_number: 12394
    block_hash: '0x4aa808bb94b37c08c103749abc0851627a58bcacd94b9154bf8ac4582380da27'
    parent_hash: '0x47a316a36a13a05b00aacdd74506b14f36caaed3a48a05abcac946d323bead52'
    extrinsics_root: '0xf584ebd543ee6c1d7788457427112ca7cc066d60ddd6a55c9cbe0a3dd75d76da'
    state_root: '0xe425e0c650150d09dd6e4ee3e49d20d3541ffdbd412dd515af2675a43ae3720d'
    session_length: 0
    spec_name: quartz
    spec_version: 1
    total_events: 2
    num_transfers: 0
    new_accounts: 0
    total_issuance: '1000000000000000000000000'
    timestamp: 1638217830
    need_rescan: true
    total_extrinsics: 2
